{
  "name": "DekCore",
  "version": "0.0.1",
  "lockfileVersion": 2,
  "requires": true,
  "packages": {
    "": {
      "name": "DekCore",
      "version": "0.0.1",
      "dependencies": {
        "@d3x0r/bloomnhash": "latest",
        "@d3x0r/object-storage": "latest",
        "@d3x0r/popups": "latest",
        "@d3x0r/slab-array": "latest",
        "@d3x0r/socket-service": "latest",
        "@d3x0r/srg": "latest",
        "@d3x0r/user-database-remote": "latest",
        "jsox": "latest"
      }
    },
    "node_modules/@d3x0r/bloomnhash": {
      "version": "1.0.2",
      "resolved": "https://registry.npmjs.org/@d3x0r/bloomnhash/-/bloomnhash-1.0.2.tgz",
      "integrity": "sha512-cl7i9lDVtfSOrAkoEF8mje9S8o7biNGwRVSq3ZTn19dpvU30eInRgbRiFpYmtGN5cpw1ucXk9o80EHX5PNn4/w=="
    },
    "node_modules/@d3x0r/object-storage": {
      "version": "1.0.0",
      "resolved": "https://registry.npmjs.org/@d3x0r/object-storage/-/object-storage-1.0.0.tgz",
      "integrity": "sha512-x+bz0SdYHctn0WIihVgD2G4vhNP6+ute2U50nBEXuCJGZEtTqTQYk+l8etxDLSxJ101mtwm2mIwMdG28hkMBOA==",
      "dependencies": {
        "@d3x0r/srg": "latest",
        "jsox": "latest"
      }
    },
    "node_modules/@d3x0r/popups": {
      "version": "1.0.103",
      "resolved": "https://registry.npmjs.org/@d3x0r/popups/-/popups-1.0.103.tgz",
      "integrity": "sha512-QqJKv/waoHzAzRgnQCdlLyBl4x/5ZQx2yNLUxR4/mrOXgmXOEGI7WeVSehS9nWTxByVUYAQG1BFUICfsLRCP3A==",
      "dependencies": {
        "jsox": "latest"
      }
    },
    "node_modules/@d3x0r/slab-array": {
      "version": "1.0.1",
      "resolved": "https://registry.npmjs.org/@d3x0r/slab-array/-/slab-array-1.0.1.tgz",
      "integrity": "sha512-YnP6Cr9gMAYgzScFawUPBjeS4lwVrvXqYSulYxKxQfojre6dllizBr9BR8kP/EY4Hm2EQuHu6MAmD1mSoscrSg==",
      "dependencies": {
        "@d3x0r/object-storage": "latest"
      }
    },
    "node_modules/@d3x0r/socket-service": {
      "version": "1.0.0",
      "resolved": "https://registry.npmjs.org/@d3x0r/socket-service/-/socket-service-1.0.0.tgz",
      "integrity": "sha512-Z7K6jD9r081YAT9yQSPuOC1r5fEMcI5ziupdJWrEzOB2psxp5NSbbrHUxmC6jK9RW1Syrsd3bzB5Fi2zvvZYUQ==",
      "dependencies": {
        "sack.vfs": "latest"
      }
    },
    "node_modules/@d3x0r/srg": {
      "version": "1.2.2",
      "resolved": "https://registry.npmjs.org/@d3x0r/srg/-/srg-1.2.2.tgz",
      "integrity": "sha512-G22zQeGr9cwWfWyiPHM1r9OOrkx4wbfHVAfFqJQk4Pvaw0zw3R1o2X64TB6QzyuVABEK1d8/ePTDd8i09b83xA=="
    },
    "node_modules/@d3x0r/user-database-remote": {
      "version": "1.0.1",
      "resolved": "https://registry.npmjs.org/@d3x0r/user-database-remote/-/user-database-remote-1.0.1.tgz",
      "integrity": "sha512-hlVU6vspdpSJJzFd9Lhum96I9zlRaDX0DFnwMKDRo8OoF4WbFoz7koXTT+i7YjtBjw4BuenncBi1vKnJrX68ww==",
      "dependencies": {
        "sack.vfs": "github:d3x0r/sack.vfs"
      }
    },
    "node_modules/@d3x0r/user-database-remote/node_modules/sack.vfs": {
      "version": "1.1.5",
      "resolved": "git+ssh://git@github.com/d3x0r/sack.vfs.git#320a4db334ea9d5df483b978c13d18501c5b079f",
      "hasInstallScript": true,
      "license": "LGPL"
    },
    "node_modules/jsox": {
      "version": "1.2.111",
      "resolved": "https://registry.npmjs.org/jsox/-/jsox-1.2.111.tgz",
      "integrity": "sha512-K78EurPpTkfMF18DXHVMvCVrZ63j+dFTyy5O7D4zZeWUa9YABYC22nYTiMYPB7yhzbdpVx7kgbZlEKbkEOV+jw==",
      "bin": {
        "jsox": "lib/cli.js"
      }
    },
    "node_modules/sack.vfs": {
      "version": "1.1.5",
      "resolved": "https://registry.npmjs.org/sack.vfs/-/sack.vfs-1.1.5.tgz",
      "integrity": "sha512-Pa6mENF+kCRGbaavjHnmM5dI6gxQ/rvEGTRIltjLR4TgEOeLrfikf/V3FGlLyb4jhDb40oXPgfLlgXf+SdWstQ==",
      "hasInstallScript": true
    }
  },
  "dependencies": {
    "@d3x0r/bloomnhash": {
      "version": "1.0.2",
      "resolved": "https://registry.npmjs.org/@d3x0r/bloomnhash/-/bloomnhash-1.0.2.tgz",
      "integrity": "sha512-cl7i9lDVtfSOrAkoEF8mje9S8o7biNGwRVSq3ZTn19dpvU30eInRgbRiFpYmtGN5cpw1ucXk9o80EHX5PNn4/w=="
    },
    "@d3x0r/object-storage": {
      "version": "1.0.0",
      "resolved": "https://registry.npmjs.org/@d3x0r/object-storage/-/object-storage-1.0.0.tgz",
      "integrity": "sha512-x+bz0SdYHctn0WIihVgD2G4vhNP6+ute2U50nBEXuCJGZEtTqTQYk+l8etxDLSxJ101mtwm2mIwMdG28hkMBOA==",
      "requires": {
        "@d3x0r/srg": "latest",
        "jsox": "latest"
      }
    },
    "@d3x0r/popups": {
      "version": "1.0.103",
      "resolved": "https://registry.npmjs.org/@d3x0r/popups/-/popups-1.0.103.tgz",
      "integrity": "sha512-QqJKv/waoHzAzRgnQCdlLyBl4x/5ZQx2yNLUxR4/mrOXgmXOEGI7WeVSehS9nWTxByVUYAQG1BFUICfsLRCP3A==",
      "requires": {
        "jsox": "latest"
      }
    },
    "@d3x0r/slab-array": {
      "version": "1.0.1",
      "resolved": "https://registry.npmjs.org/@d3x0r/slab-array/-/slab-array-1.0.1.tgz",
      "integrity": "sha512-YnP6Cr9gMAYgzScFawUPBjeS4lwVrvXqYSulYxKxQfojre6dllizBr9BR8kP/EY4Hm2EQuHu6MAmD1mSoscrSg==",
      "requires": {
        "@d3x0r/object-storage": "latest"
      }
    },
    "@d3x0r/socket-service": {
      "version": "1.0.0",
      "resolved": "https://registry.npmjs.org/@d3x0r/socket-service/-/socket-service-1.0.0.tgz",
      "integrity": "sha512-Z7K6jD9r081YAT9yQSPuOC1r5fEMcI5ziupdJWrEzOB2psxp5NSbbrHUxmC6jK9RW1Syrsd3bzB5Fi2zvvZYUQ==",
      "requires": {
        "sack.vfs": "latest"
      }
    },
    "@d3x0r/srg": {
      "version": "1.2.2",
      "resolved": "https://registry.npmjs.org/@d3x0r/srg/-/srg-1.2.2.tgz",
      "integrity": "sha512-G22zQeGr9cwWfWyiPHM1r9OOrkx4wbfHVAfFqJQk4Pvaw0zw3R1o2X64TB6QzyuVABEK1d8/ePTDd8i09b83xA=="
    },
    "@d3x0r/user-database-remote": {
      "version": "1.0.1",
      "resolved": "https://registry.npmjs.org/@d3x0r/user-database-remote/-/user-database-remote-1.0.1.tgz",
      "integrity": "sha512-hlVU6vspdpSJJzFd9Lhum96I9zlRaDX0DFnwMKDRo8OoF4WbFoz7koXTT+i7YjtBjw4BuenncBi1vKnJrX68ww==",
      "requires": {
        "sack.vfs": "github:d3x0r/sack.vfs"
      },
      "dependencies": {
        "sack.vfs": {
          "version": "git+ssh://git@github.com/d3x0r/sack.vfs.git#320a4db334ea9d5df483b978c13d18501c5b079f",
          "from": "sack.vfs@github:d3x0r/sack.vfs"
        }
      }
    },
    "jsox": {
      "version": "1.2.111",
      "resolved": "https://registry.npmjs.org/jsox/-/jsox-1.2.111.tgz",
      "integrity": "sha512-K78EurPpTkfMF18DXHVMvCVrZ63j+dFTyy5O7D4zZeWUa9YABYC22nYTiMYPB7yhzbdpVx7kgbZlEKbkEOV+jw=="
    },
    "sack.vfs": {
      "version": "1.1.5",
      "resolved": "https://registry.npmjs.org/sack.vfs/-/sack.vfs-1.1.5.tgz",
      "integrity": "sha512-Pa6mENF+kCRGbaavjHnmM5dI6gxQ/rvEGTRIltjLR4TgEOeLrfikf/V3FGlLyb4jhDb40oXPgfLlgXf+SdWstQ=="
    }
  }
}
